Microsoft Visual Studio Solution File, Format Version 12.00
# Visual Studio 15
VisualStudioVersion = 15.0.27130.0
MinimumVisualStudioVersion = 15.0.26124.0
Project("{9A19103F-16F7-4668-BE54-9A1E7A4F7556}") = "QCExtensions.Server", "src\QCExtensions.Server\QCExtensions.Server.csproj", "{FA0CC66E-5D01-4557-8438-777D6F18DD75}"
EndProject
Project("{2150E333-8FDC-42A3-9474-1A3956D46DE8}") = "test", "test", "{15DD0629-5612-4929-99BB-ABC9A979629E}"
EndProject
Project("{FAE04EC0-301F-11D3-BF4B-00C04F79EFBC}") = "QCExtensions.Server.Test", "test\QCExtensions.Server.Test\QCExtensions.Server.Test.csproj", "{55B78265-BFE4-4C45-B380-CE8950C3ACF7}"
EndProject
Project("{2150E333-8FDC-42A3-9474-1A3956D46DE8}") = "src", "src", "{1B97D464-D078-411D-A6DE-336AB82C5739}"
EndProject
Project("{FAE04EC0-301F-11D3-BF4B-00C04F79EFBC}") = "QCExtensions.Domain", "src\QCExtensions.Domain\QCExtensions.Domain.csproj", "{B6DC25CA-62D1-4CBB-9849-3DEC5BE4E716}"
EndProject
Project("{FAE04EC0-301F-11D3-BF4B-00C04F79EFBC}") = "QCExtensions.Domain.Tests", "test\QCExtensions.Domain.Tests\QCExtensions.Domain.Tests.csproj", "{29E63E5E-1F51-4B5F-87B5-17117A90B1A0}"
EndProject
Global
	GlobalSection(SolutionConfigurationPlatforms) = preSolution
		Debug|Any CPU = Debug|Any CPU
		Release|Any CPU = Release|Any CPU
		Debug|x64 = Debug|x64
		Debug|x86 = Debug|x86
		Release|x64 = Release|x64
		Release|x86 = Release|x86
	EndGlobalSection
	GlobalSection(ProjectConfigurationPlatforms) = postSolution
		{FA0CC66E-5D01-4557-8438-777D6F18DD75}.Debug|Any CPU.ActiveCfg = Debug|Any CPU
		{FA0CC66E-5D01-4557-8438-777D6F18DD75}.Debug|Any CPU.Build.0 = Debug|Any CPU
		{FA0CC66E-5D01-4557-8438-777D6F18DD75}.Release|Any CPU.ActiveCfg = Release|Any CPU
		{FA0CC66E-5D01-4557-8438-777D6F18DD75}.Release|Any CPU.Build.0 = Release|Any CPU
		{55B78265-BFE4-4C45-B380-CE8950C3ACF7}.Debug|Any CPU.ActiveCfg = Debug|Any CPU
		{55B78265-BFE4-4C45-B380-CE8950C3ACF7}.Debug|Any CPU.Build.0 = Debug|Any CPU
		{55B78265-BFE4-4C45-B380-CE8950C3ACF7}.Debug|x64.ActiveCfg = Debug|x64
		{55B78265-BFE4-4C45-B380-CE8950C3ACF7}.Debug|x64.Build.0 = Debug|x64
		{55B78265-BFE4-4C45-B380-CE8950C3ACF7}.Debug|x86.ActiveCfg = Debug|x86
		{55B78265-BFE4-4C45-B380-CE8950C3ACF7}.Debug|x86.Build.0 = Debug|x86
		{55B78265-BFE4-4C45-B380-CE8950C3ACF7}.Release|Any CPU.ActiveCfg = Release|Any CPU
		{55B78265-BFE4-4C45-B380-CE8950C3ACF7}.Release|Any CPU.Build.0 = Release|Any CPU
		{55B78265-BFE4-4C45-B380-CE8950C3ACF7}.Release|x64.ActiveCfg = Release|x64
		{55B78265-BFE4-4C45-B380-CE8950C3ACF7}.Release|x64.Build.0 = Release|x64
		{55B78265-BFE4-4C45-B380-CE8950C3ACF7}.Release|x86.ActiveCfg = Release|x86
		{55B78265-BFE4-4C45-B380-CE8950C3ACF7}.Release|x86.Build.0 = Release|x86
		{B6DC25CA-62D1-4CBB-9849-3DEC5BE4E716}.Debug|Any CPU.ActiveCfg = Debug|Any CPU
		{B6DC25CA-62D1-4CBB-9849-3DEC5BE4E716}.Debug|Any CPU.Build.0 = Debug|Any CPU
		{B6DC25CA-62D1-4CBB-9849-3DEC5BE4E716}.Debug|x64.ActiveCfg = Debug|x64
		{B6DC25CA-62D1-4CBB-9849-3DEC5BE4E716}.Debug|x64.Build.0 = Debug|x64
		{B6DC25CA-62D1-4CBB-9849-3DEC5BE4E716}.Debug|x86.ActiveCfg = Debug|x86
		{B6DC25CA-62D1-4CBB-9849-3DEC5BE4E716}.Debug|x86.Build.0 = Debug|x86
		{B6DC25CA-62D1-4CBB-9849-3DEC5BE4E716}.Release|Any CPU.ActiveCfg = Release|Any CPU
		{B6DC25CA-62D1-4CBB-9849-3DEC5BE4E716}.Release|Any CPU.Build.0 = Release|Any CPU
		{B6DC25CA-62D1-4CBB-9849-3DEC5BE4E716}.Release|x64.ActiveCfg = Release|x64
		{B6DC25CA-62D1-4CBB-9849-3DEC5BE4E716}.Release|x64.Build.0 = Release|x64
		{B6DC25CA-62D1-4CBB-9849-3DEC5BE4E716}.Release|x86.ActiveCfg = Release|x86
		{B6DC25CA-62D1-4CBB-9849-3DEC5BE4E716}.Release|x86.Build.0 = Release|x86
		{29E63E5E-1F51-4B5F-87B5-17117A90B1A0}.Debug|Any CPU.ActiveCfg = Debug|Any CPU
		{29E63E5E-1F51-4B5F-87B5-17117A90B1A0}.Debug|Any CPU.Build.0 = Debug|Any CPU
		{29E63E5E-1F51-4B5F-87B5-17117A90B1A0}.Release|Any CPU.ActiveCfg = Release|Any CPU
		{29E63E5E-1F51-4B5F-87B5-17117A90B1A0}.Release|Any CPU.Build.0 = Release|Any CPU
		{29E63E5E-1F51-4B5F-87B5-17117A90B1A0}.Debug|x64.ActiveCfg = Debug|Any CPU
		{29E63E5E-1F51-4B5F-87B5-17117A90B1A0}.Debug|x64.Build.0 = Debug|Any CPU
		{29E63E5E-1F51-4B5F-87B5-17117A90B1A0}.Debug|x86.ActiveCfg = Debug|Any CPU
		{29E63E5E-1F51-4B5F-87B5-17117A90B1A0}.Debug|x86.Build.0 = Debug|Any CPU
		{29E63E5E-1F51-4B5F-87B5-17117A90B1A0}.Release|x64.ActiveCfg = Release|Any CPU
		{29E63E5E-1F51-4B5F-87B5-17117A90B1A0}.Release|x64.Build.0 = Release|Any CPU
		{29E63E5E-1F51-4B5F-87B5-17117A90B1A0}.Release|x86.ActiveCfg = Release|Any CPU
		{29E63E5E-1F51-4B5F-87B5-17117A90B1A0}.Release|x86.Build.0 = Release|Any CPU
	EndGlobalSection
	GlobalSection(SolutionProperties) = preSolution
		HideSolutionNode = FALSE
	EndGlobalSection
	GlobalSection(ExtensibilityGlobals) = postSolution
		SolutionGuid = {713E8920-7BEC-4180-8ADB-9EE297C445A5}
	EndGlobalSection
	GlobalSection(NestedProjects) = preSolution
		{55B78265-BFE4-4C45-B380-CE8950C3ACF7} = {15DD0629-5612-4929-99BB-ABC9A979629E}
		{B6DC25CA-62D1-4CBB-9849-3DEC5BE4E716} = {1B97D464-D078-411D-A6DE-336AB82C5739}
		{29E63E5E-1F51-4B5F-87B5-17117A90B1A0} = {15DD0629-5612-4929-99BB-ABC9A979629E}
	EndGlobalSection
EndGlobal
